// !$*UTF8*$!
{
	archiveVersion = 1;
	classes = {
	};
	objectVersion = 50;
	objects = {

/* Begin PBXBuildFile section */
		81953A3A21859E8800E9A16E /* AppDelegate.swift in Sources */ = {isa = PBXBuildFile; fileRef = 81953A3921859E8800E9A16E /* AppDelegate.swift */; };
		81953A3C21859E8800E9A16E /* ViewController.swift in Sources */ = {isa = PBXBuildFile; fileRef = 81953A3B21859E8800E9A16E /* ViewController.swift */; };
		81953A3F21859E8800E9A16E /* Main.storyboard in Resources */ = {isa = PBXBuildFile; fileRef = 81953A3D21859E8800E9A16E /* Main.storyboard */; };
		81953A4121859E8A00E9A16E /* Assets.xcassets in Resources */ = {isa = PBXBuildFile; fileRef = 81953A4021859E8A00E9A16E /* Assets.xcassets */; };
		81953A4421859E8A00E9A16E /* LaunchScreen.storyboard in Resources */ = {isa = PBXBuildFile; fileRef = 81953A4221859E8A00E9A16E /* LaunchScreen.storyboard */; };
		81953A4C2185AF1600E9A16E /* Request.swift in Sources */ = {isa = PBXBuildFile; fileRef = 81953A4B2185AF1600E9A16E /* Request.swift */; };
		C65BCEA1202DC301C9826073 /* Pods_GCDGroup.framework in Frameworks */ = {isa = PBXBuildFile; fileRef = 8043BE9A253203C5BDA4012F /* Pods_GCDGroup.framework */; };
/* End PBXBuildFile section */

/* Begin PBXFileReference section */
		1BAB8F406CEA2524DF80CB81 /* Pods-GCDGroup.release.xcconfig */ = {isa = PBXFileReference; includeInIndex = 1; lastKnownFileType = text.xcconfig; name = "Pods-GCDGroup.release.xcconfig"; path = "Pods/Target Support Files/Pods-GCDGroup/Pods-GCDGroup.release.xcconfig"; sourceTree = "<group>"; };
		2AC01DFDC5B09F1953731340 /* Pods-GCDGroup.debug.xcconfig */ = {isa = PBXFileReference; includeInIndex = 1; lastKnownFileType = text.xcconfig; name = "Pods-GCDGroup.debug.xcconfig"; path = "Pods/Target Support Files/Pods-GCDGroup/Pods-GCDGroup.debug.xcconfig"; sourceTree = "<group>"; };
		8043BE9A253203C5BDA4012F /* Pods_GCDGroup.framework */ = {isa = PBXFileReference; explicitFileType = wrapper.framework; includeInIndex = 0; path = Pods_GCDGroup.framework; sourceTree = BUILT_PRODUCTS_DIR; };
		81953A3621859E8800E9A16E /* GCDGroup.app */ = {isa = PBXFileReference; explicitFileType = wrapper.application; includeInIndex = 0; path = GCDGroup.app; sourceTree = BUILT_PRODUCTS_DIR; };
		81953A3921859E8800E9A16E /* AppDelegate.swift */ = {isa = PBXFileReference; lastKnownFileType = sourcecode.swift; path = AppDelegate.swift; sourceTree = "<group>"; };
		81953A3B21859E8800E9A16E /* ViewController.swift */ = {isa = PBXFileReference; lastKnownFileType = sourcecode.swift; path = ViewController.swift; sourceTree = "<group>"; };
		81953A3E21859E8800E9A16E /* Base */ = {isa = PBXFileReference; lastKnownFileType = file.storyboard; name = Base; path = Base.lproj/Main.storyboard; sourceTree = "<group>"; };
		81953A4021859E8A00E9A16E /* Assets.xcassets */ = {isa = PBXFileReference; lastKnownFileType = folder.assetcatalog; path = Assets.xcassets; sourceTree = "<group>"; };
		81953A4321859E8A00E9A16E /* Base */ = {isa = PBXFileReference; lastKnownFileType = file.storyboard; name = Base; path = Base.lproj/LaunchScreen.storyboard; sourceTree = "<group>"; };
		81953A4521859E8A00E9A16E /* Info.plist */ = {isa = PBXFileReference; lastKnownFileType = text.plist.xml; path = Info.plist; sourceTree = "<group>"; };
		81953A4B2185AF1600E9A16E /* Request.swift */ = {isa = PBXFileReference; lastKnownFileType = sourcecode.swift; path = Request.swift; sourceTree = "<group>"; };
/* End PBXFileReference section */

/* Begin PBXFrameworksBuildPhase section */
		81953A3321859E8800E9A16E /* Frameworks */ = {
			isa = PBXFrameworksBuildPhase;
			buildActionMask = 2147483647;
			files = (
				C65BCEA1202DC301C9826073 /* Pods_GCDGroup.framework in Frameworks */,
			);
			runOnlyForDeploymentPostprocessing = 0;
		};
/* End PBXFrameworksBuildPhase section */

/* Begin PBXGroup section */
		30313EADFDC92669736302F9 /* Frameworks */ = {
			isa = PBXGroup;
			children = (
				8043BE9A253203C5BDA4012F /* Pods_GCDGroup.framework */,
			);
			name = Frameworks;
			sourceTree = "<group>";
		};
		5FACB48588A343FE08034DB8 /* Pods */ = {
			isa = PBXGroup;
			children = (
				2AC01DFDC5B09F1953731340 /* Pods-GCDGroup.debug.xcconfig */,
				1BAB8F406CEA2524DF80CB81 /* Pods-GCDGroup.release.xcconfig */,
			);
			name = Pods;
			sourceTree = "<group>";
		};
		81953A2D21859E8800E9A16E = {
			isa = PBXGroup;
			children = (
				81953A3821859E8800E9A16E /* GCDGroup */,
				81953A3721859E8800E9A16E /* Products */,
				5FACB48588A343FE08034DB8 /* Pods */,
				30313EADFDC92669736302F9 /* Frameworks */,
			);
			sourceTree = "<group>";
		};
		81953A3721859E8800E9A16E /* Products */ = {
			isa = PBXGroup;
			children = (
				81953A3621859E8800E9A16E /* GCDGroup.app */,
			);
			name = Products;
			sourceTree = "<group>";
		};
		81953A3821859E8800E9A16E /* GCDGroup */ = {
			isa = PBXGroup;
			children = (
				81953A3921859E8800E9A16E /* AppDelegate.swift */,
				81953A3B21859E8800E9A16E /* ViewController.swift */,
				81953A4B2185AF1600E9A16E /* Request.swift */,
				81953A3D21859E8800E9A16E /* Main.storyboard */,
				81953A4021859E8A00E9A16E /* Assets.xcassets */,
				81953A4221859E8A00E9A16E /* LaunchScreen.storyboard */,
				81953A4521859E8A00E9A16E /* Info.plist */,
			);
			path = GCDGroup;
			sourceTree = "<group>";
		};
/* End PBXGroup section */

/* Begin PBXNativeTarget section */
		81953A3521859E8800E9A16E /* GCDGroup */ = {
			isa = PBXNativeTarget;
			buildConfigurationList = 81953A4821859E8A00E9A16E /* Build configuration list for PBXNativeTarget "GCDGroup" */;
			buildPhases = (
				C5654FCB949EF51148D5CFD5 /* [CP] Check Pods Manifest.lock */,
				81953A3221859E8800E9A16E /* Sources */,
				81953A3321859E8800E9A16E /* Frameworks */,
				81953A3421859E8800E9A16E /* Resources */,
				5FDFBB42D85CB7D986F7E7FD /* [CP] Embed Pods Frameworks */,
			);
			buildRules = (
			);
			dependencies = (
			);
			name = GCDGroup;
			productName = GCDGroup;
			productReference = 81953A3621859E8800E9A16E /* GCDGroup.app */;
			productType = "com.apple.product-type.application";
		};
/* End PBXNativeTarget section */

/* Begin PBXProject section */
		81953A2E21859E8800E9A16E /* Project object */ = {
			isa = PBXProject;
			attributes = {
				LastSwiftUpdateCheck = 1000;
				LastUpgradeCheck = 1000;
				ORGANIZATIONNAME = weiman;
				TargetAttributes = {
					81953A3521859E8800E9A16E = {
						CreatedOnToolsVersion = 10.0;
					};
				};
			};
			buildConfigurationList = 81953A3121859E8800E9A16E /* Build configuration list for PBXProject "GCDGroup" */;
			compatibilityVersion = "Xcode 9.3";
			developmentRegion = en;
			hasScannedForEncodings = 0;
			knownRegions = (
				en,
				Base,
			);
			mainGroup = 81953A2D21859E8800E9A16E;
			productRefGroup = 81953A3721859E8800E9A16E /* Products */;
			projectDirPath = "";
			projectRoot = "";
			targets = (
				81953A3521859E8800E9A16E /* GCDGroup */,
			);
		};
/* End PBXProject section */

/* Begin PBXResourcesBuildPhase section */
		81953A3421859E8800E9A16E /* Resources */ = {
			isa = PBXResourcesBuildPhase;
			buildActionMask = 2147483647;
			files = (
				81953A4421859E8A00E9A16E /* LaunchScreen.storyboard in Resources */,
				81953A4121859E8A00E9A16E /* Assets.xcassets in Resources */,
				81953A3F21859E8800E9A16E /* Main.storyboard in Resources */,
			);
			runOnlyForDeploymentPostprocessing = 0;
		};
/* End PBXResourcesBuildPhase section */

/* Begin PBXShellScriptBuildPhase section */
		5FDFBB42D85CB7D986F7E7FD /* [CP] Embed Pods Frameworks */ = {
			isa = PBXShellScriptBuildPhase;
			buildActionMask = 2147483647;
			files = (
			);
			inputFileListPaths = (
			);
			inputPaths = (
				"${SRCROOT}/Pods/Target Support Files/Pods-GCDGroup/Pods-GCDGroup-frameworks.sh",
				"${BUILT_PRODUCTS_DIR}/Alamofire/Alamofire.framework",
				"${BUILT_PRODUCTS_DIR}/Moya/Moya.framework",
				"${BUILT_PRODUCTS_DIR}/Result/Result.framework",
			);
			name = "[CP] Embed Pods Frameworks";
			outputFileListPaths = (
			);
			outputPaths = (
				"${TARGET_BUILD_DIR}/${FRAMEWORKS_FOLDER_PATH}/Alamofire.framework",
				"${TARGET_BUILD_DIR}/${FRAMEWORKS_FOLDER_PATH}/Moya.framework",
				"${TARGET_BUILD_DIR}/${FRAMEWORKS_FOLDER_PATH}/Result.framework",
			);
			runOnlyForDeploymentPostprocessing = 0;
			shellPath = /bin/sh;
			shellScript = "\"${SRCROOT}/Pods/Target Support Files/Pods-GCDGroup/Pods-GCDGroup-frameworks.sh\"\n";
			showEnvVarsInLog = 0;
		};
		C5654FCB949EF51148D5CFD5 /* [CP] Check Pods Manifest.lock */ = {
			isa = PBXShellScriptBuildPhase;
			buildActionMask = 2147483647;
			files = (
			);
			inputFileListPaths = (
			);
			inputPaths = (
				"${PODS_PODFILE_DIR_PATH}/Podfile.lock",
				"${PODS_ROOT}/Manifest.lock",
			);
			name = "[CP] Check Pods Manifest.lock";
			outputFileListPaths = (
			);
			outputPaths = (
				"$(DERIVED_FILE_DIR)/Pods-GCDGroup-checkManifestLockResult.txt",
			);
			runOnlyForDeploymentPostprocessing = 0;
			shellPath = /bin/sh;
			shellScript = "diff \"${PODS_PODFILE_DIR_PATH}/Podfile.lock\" \"${PODS_ROOT}/Manifest.lock\" > /dev/null\nif [ $? != 0 ] ; then\n    # print error to STDERR\n    echo \"error: The sandbox is not in sync with the Podfile.lock. Run 'pod install' or update your CocoaPods installation.\" >&2\n    exit 1\nfi\n# This output is used by Xcode 'outputs' to avoid re-running this script phase.\necho \"SUCCESS\" > \"${SCRIPT_OUTPUT_FILE_0}\"\n";
			showEnvVarsInLog = 0;
		};
/* End PBXShellScriptBuildPhase section */

/* Begin PBXSourcesBuildPhase section */
		81953A3221859E8800E9A16E /* Sources */ = {
			isa = PBXSourcesBuildPhase;
			buildActionMask = 2147483647;
			files = (
				81953A3C21859E8800E9A16E /* ViewController.swift in Sources */,
				81953A4C2185AF1600E9A16E /* Request.swift in Sources */,
				81953A3A21859E8800E9A16E /* AppDelegate.swift in Sources */,
			);
			runOnlyForDeploymentPostprocessing = 0;
		};
/* End PBXSourcesBuildPhase section */

/* Begin PBXVariantGroup section */
		81953A3D21859E8800E9A16E /* Main.storyboard */ = {
			isa = PBXVariantGroup;
			children = (
				81953A3E21859E8800E9A16E /* Base */,
			);
			name = Main.storyboard;
			sourceTree = "<group>";
		};
		81953A4221859E8A00E9A16E /* LaunchScreen.storyboard */ = {
			isa = PBXVariantGroup;
			children = (
				81953A4321859E8A00E9A16E /* Base */,
			);
			name = LaunchScreen.storyboard;
			sourceTree = "<group>";
		};
/* End PBXVariantGroup section */

/* Begin XCBuildConfiguration section */
		81953A4621859E8A00E9A16E /* Debug */ = {
			isa = XCBuildConfiguration;
			buildSettings = {
				ALWAYS_SEARCH_USER_PATHS = NO;
				CLANG_ANALYZER_NONNULL = YES;
				CLANG_ANALYZER_NUMBER_OBJECT_CONVERSION = YES_AGGRESSIVE;
				CLANG_CXX_LANGUAGE_STANDARD = "gnu++14";
				CLANG_CXX_LIBRARY = "libc++";
				CLANG_ENABLE_MODULES = YES;
				CLANG_ENABLE_OBJC_ARC = YES;
				CLANG_ENABLE_OBJC_WEAK = YES;
				CLANG_WARN_BLOCK_CAPTURE_AUTORELEASING = YES;
				CLANG_WARN_BOOL_CONVERSION = YES;
				CLANG_WARN_COMMA = YES;
				CLANG_WARN_CONSTANT_CONVERSION = YES;
				CLANG_WARN_DEPRECATED_OBJC_IMPLEMENTATIONS = YES;
				CLANG_WARN_DIRECT_OBJC_ISA_USAGE = YES_ERROR;
				CLANG_WARN_DOCUMENTATION_COMMENTS = YES;
				CLANG_WARN_EMPTY_BODY = YES;
				CLANG_WARN_ENUM_CONVERSION = YES;
				CLANG_WARN_INFINITE_RECURSION = YES;
				CLANG_WARN_INT_CONVERSION = YES;
				CLANG_WARN_NON_LITERAL_NULL_CONVERSION = YES;
				CLANG_WARN_OBJC_IMPLICIT_RETAIN_SELF = YES;
				CLANG_WARN_OBJC_LITERAL_CONVERSION = YES;
				CLANG_WARN_OBJC_ROOT_CLASS = YES_ERROR;
				CLANG_WARN_RANGE_LOOP_ANALYSIS = YES;
				CLANG_WARN_STRICT_PROTOTYPES = YES;
				CLANG_WARN_SUSPICIOUS_MOVE = YES;
				CLANG_WARN_UNGUARDED_AVAILABILITY = YES_AGGRESSIVE;
				CLANG_WARN_UNREACHABLE_CODE = YES;
				CLANG_WARN__DUPLICATE_METHOD_MATCH = YES;
				CODE_SIGN_IDENTITY = "iPhone Developer";
				COPY_PHASE_STRIP = NO;
				DEBUG_INFORMATION_FORMAT = dwarf;
				ENABLE_STRICT_OBJC_MSGSEND = YES;
				ENABLE_TESTABILITY = YES;
				GCC_C_LANGUAGE_STANDARD = gnu11;
				GCC_DYNAMIC_NO_PIC = NO;
				GCC_NO_COMMON_BLOCKS = YES;
				GCC_OPTIMIZATION_LEVEL = 0;
				GCC_PREPROCESSOR_DEFINITIONS = (
					"DEBUG=1",
					"$(inherited)",
				);
				GCC_WARN_64_TO_32_BIT_CONVERSION = YES;
				GCC_WARN_ABOUT_RETURN_TYPE = YES_ERROR;
				GCC_WARN_UNDECLARED_SELECTOR = YES;
				GCC_WARN_UNINITIALIZED_AUTOS = YES_AGGRESSIVE;
				GCC_WARN_UNUSED_FUNCTION = YES;
				GCC_WARN_UNUSED_VARIABLE = YES;
				IPHONEOS_DEPLOYMENT_TARGET = 12.0;
				MTL_ENABLE_DEBUG_INFO = INCLUDE_SOURCE;
				MTL_FAST_MATH = YES;
				ONLY_ACTIVE_ARCH = YES;
				SDKROOT = iphoneos;
				SWIFT_ACTIVE_COMPILATION_CONDITIONS = DEBUG;
				SWIFT_OPTIMIZATION_LEVEL = "-Onone";
			};
			name = Debug;
		};
		81953A4721859E8A00E9A16E /* Release */ = {
			isa = XCBuildConfiguration;
			buildSettings = {
				ALWAYS_SEARCH_USER_PATHS = NO;
				CLANG_ANALYZER_NONNULL = YES;
				CLANG_ANALYZER_NUMBER_OBJECT_CONVERSION = YES_AGGRESSIVE;
				CLANG_CXX_LANGUAGE_STANDARD = "gnu++14";
				CLANG_CXX_LIBRARY = "libc++";
				CLANG_ENABLE_MODULES = YES;
				CLANG_ENABLE_OBJC_ARC = YES;
				CLANG_ENABLE_OBJC_WEAK = YES;
				CLANG_WARN_BLOCK_CAPTURE_AUTORELEASING = YES;
				CLANG_WARN_BOOL_CONVERSION = YES;
				CLANG_WARN_COMMA = YES;
				CLANG_WARN_CONSTANT_CONVERSION = YES;
				CLANG_WARN_DEPRECATED_OBJC_IMPLEMENTATIONS = YES;
				CLANG_WARN_DIRECT_OBJC_ISA_USAGE = YES_ERROR;
				CLANG_WARN_DOCUMENTATION_COMMENTS = YES;
				CLANG_WARN_EMPTY_BODY = YES;
				CLANG_WARN_ENUM_CONVERSION = YES;
				CLANG_WARN_INFINITE_RECURSION = YES;
				CLANG_WARN_INT_CONVERSION = YES;
				CLANG_WARN_NON_LITERAL_NULL_CONVERSION = YES;
				CLANG_WARN_OBJC_IMPLICIT_RETAIN_SELF = YES;
				CLANG_WARN_OBJC_LITERAL_CONVERSION = YES;
				CLANG_WARN_OBJC_ROOT_CLASS = YES_ERROR;
				CLANG_WARN_RANGE_LOOP_ANALYSIS = YES;
				CLANG_WARN_STRICT_PROTOTYPES = YES;
				CLANG_WARN_SUSPICIOUS_MOVE = YES;
				CLANG_WARN_UNGUARDED_AVAILABILITY = YES_AGGRESSIVE;
				CLANG_WARN_UNREACHABLE_CODE = YES;
				CLANG_WARN__DUPLICATE_METHOD_MATCH = YES;
				CODE_SIGN_IDENTITY = "iPhone Developer";
				COPY_PHASE_STRIP = NO;
				DEBUG_INFORMATION_FORMAT = "dwarf-with-dsym";
				ENABLE_NS_ASSERTIONS = NO;
				ENABLE_STRICT_OBJC_MSGSEND = YES;
				GCC_C_LANGUAGE_STANDARD = gnu11;
				GCC_NO_COMMON_BLOCKS = YES;
				GCC_WARN_64_TO_32_BIT_CONVERSION = YES;
				GCC_WARN_ABOUT_RETURN_TYPE = YES_ERROR;
				GCC_WARN_UNDECLARED_SELECTOR = YES;
				GCC_WARN_UNINITIALIZED_AUTOS = YES_AGGRESSIVE;
				GCC_WARN_UNUSED_FUNCTION = YES;
				GCC_WARN_UNUSED_VARIABLE = YES;
				IPHONEOS_DEPLOYMENT_TARGET = 12.0;
				MTL_ENABLE_DEBUG_INFO = NO;
				MTL_FAST_MATH = YES;
				SDKROOT = iphoneos;
				SWIFT_COMPILATION_MODE = wholemodule;
				SWIFT_OPTIMIZATION_LEVEL = "-O";
				VALIDATE_PRODUCT = YES;
			};
			name = Release;
		};
		81953A4921859E8A00E9A16E /* Debug */ = {
			isa = XCBuildConfiguration;
			baseConfigurationReference = 2AC01DFDC5B09F1953731340 /* Pods-GCDGroup.debug.xcconfig */;
			buildSettings = {
				ASSETCATALOG_COMPILER_APPICON_NAME = AppIcon;
				CODE_SIGN_STYLE = Automatic;
				DEVELOPMENT_TEAM = 88KFCC4RQN;
				INFOPLIST_FILE = GCDGroup/Info.plist;
				IPHONEOS_DEPLOYMENT_TARGET = 9.0;
				LD_RUNPATH_SEARCH_PATHS = (
					"$(inherited)",
					"@executable_path/Frameworks",
				);
				PRODUCT_BUNDLE_IDENTIFIER = cddh.GCDGroup;
				PRODUCT_NAME = "$(TARGET_NAME)";
				SWIFT_VERSION = 4.2;
				TARGETED_DEVICE_FAMILY = "1,2";
			};
			name = Debug;
		};
		81953A4A21859E8A00E9A16E /* Release */ = {
			isa = XCBuildConfiguration;
			baseConfigurationReference = 1BAB8F406CEA2524DF80CB81 /* Pods-GCDGroup.release.xcconfig */;
			buildSettings = {
				ASSETCATALOG_COMPILER_APPICON_NAME = AppIcon;
				CODE_SIGN_STYLE = Automatic;
				DEVELOPMENT_TEAM = 88KFCC4RQN;
				INFOPLIST_FILE = GCDGroup/Info.plist;
				IPHONEOS_DEPLOYMENT_TARGET = 9.0;
				LD_RUNPATH_SEARCH_PATHS = (
					"$(inherited)",
					"@executable_path/Frameworks",
				);
				PRODUCT_BUNDLE_IDENTIFIER = cddh.GCDGroup;
				PRODUCT_NAME = "$(TARGET_NAME)";
				SWIFT_VERSION = 4.2;
				TARGETED_DEVICE_FAMILY = "1,2";
			};
			name = Release;
		};
/* End XCBuildConfiguration section */

/* Begin XCConfigurationList section */
		81953A3121859E8800E9A16E /* Build configuration list for PBXProject "GCDGroup" */ = {
			isa = XCConfigurationList;
			buildConfigurations = (
				81953A4621859E8A00E9A16E /* Debug */,
				81953A4721859E8A00E9A16E /* Release */,
			);
			defaultConfigurationIsVisible = 0;
			defaultConfigurationName = Release;
		};
		81953A4821859E8A00E9A16E /* Build configuration list for PBXNativeTarget "GCDGroup" */ = {
			isa = XCConfigurationList;
			buildConfigurations = (
				81953A4921859E8A00E9A16E /* Debug */,
				81953A4A21859E8A00E9A16E /* Release */,
			);
			defaultConfigurationIsVisible = 0;
			defaultConfigurationName = Release;
		};
/* End XCConfigurationList section */
	};
	rootObject = 81953A2E21859E8800E9A16E /* Project object */;
}
